// !$*UTF8*$!
{
	archiveVersion = 1;
	classes = {
	};
	objectVersion = 77;
	objects = {

/* Begin PBXBuildFile section */
		37AA00012FEA000000000009 /* app-icon.png in Resources */ = {isa = PBXBuildFile; fileRef = 37AA00022FEA000000000009 /* app-icon.png */; };
		37B4F9D12FA1B00100873894 /* outershelld.c in Sources */ = {isa = PBXBuildFile; fileRef = 37B4F9D02FA1B00100873894 /* outershelld.c */; };
		37B4F9DE2FA1B00100873894 /* OuterShellBuffer.c in Sources */ = {isa = PBXBuildFile; fileRef = 37B4F9DC2FA1B00100873894 /* OuterShellBuffer.c */; };
		37B4F9DF2FA1B00100873894 /* OuterShellAPI.c in Sources */ = {isa = PBXBuildFile; fileRef = 37B4F9E02FA1B00100873894 /* OuterShellAPI.c */; };
		37B4F9E42FA1B00100873894 /* OuterShellPlatform.c in Sources */ = {isa = PBXBuildFile; fileRef = 37B4F9E22FA1B00100873894 /* OuterShellPlatform.c */; };
		37B4F9EE2FA1B00100873894 /* OuterShellBackend.c in Sources */ = {isa = PBXBuildFile; fileRef = 37B4F9EC2FA1B00100873894 /* OuterShellBackend.c */; };
		AG0000000000000000000004 /* OuterShellAgent.swift in Sources */ = {isa = PBXBuildFile; fileRef = AG0000000000000000000003 /* OuterShellAgent.swift */; };
		AG0000000000000000000005 /* outershelld.c in Sources */ = {isa = PBXBuildFile; fileRef = 37B4F9D02FA1B00100873894 /* outershelld.c */; };
		AG0000000000000000000018 /* OuterShellBuffer.c in Sources */ = {isa = PBXBuildFile; fileRef = 37B4F9DC2FA1B00100873894 /* OuterShellBuffer.c */; };
		AG0000000000000000000019 /* OuterShellAPI.c in Sources */ = {isa = PBXBuildFile; fileRef = 37B4F9E02FA1B00100873894 /* OuterShellAPI.c */; };
		AG0000000000000000000020 /* OuterShellPlatform.c in Sources */ = {isa = PBXBuildFile; fileRef = 37B4F9E22FA1B00100873894 /* OuterShellPlatform.c */; };
		AG0000000000000000000021 /* OuterShellDownloader.c in Sources */ = {isa = PBXBuildFile; fileRef = 37B4F9F12FA1B00100873894 /* OuterShellDownloader.c */; };
		AG0000000000000000000022 /* OuterShellDownloaderApple.m in Sources */ = {isa = PBXBuildFile; fileRef = 37B4F9F22FA1B00100873894 /* OuterShellDownloaderApple.m */; };
/* End PBXBuildFile section */

/* Begin PBXCopyFilesBuildPhase section */
		0F0000000000000000000011 /* Embed Frameworks */ = {
			isa = PBXCopyFilesBuildPhase;
			buildActionMask = 2147483647;
			dstPath = "";
			dstSubfolderSpec = 10;
			files = (
			);
			name = "Embed Frameworks";
			runOnlyForDeploymentPostprocessing = 0;
		};
/* End PBXCopyFilesBuildPhase section */

/* Begin PBXFileReference section */
		0F0000000000000000000003 /* Backends.bundle */ = {isa = PBXFileReference; explicitFileType = wrapper.cfbundle; includeInIndex = 0; path = Backends.bundle; sourceTree = BUILT_PRODUCTS_DIR; };
		0F0000000000000000000007 /* Info.plist */ = {isa = PBXFileReference; lastKnownFileType = text.plist.xml; path = Info.plist; sourceTree = "<group>"; };
		0F0000000000000000000008 /* README.md */ = {isa = PBXFileReference; lastKnownFileType = net.daringfireball.markdown; path = README.md; sourceTree = "<group>"; };
		0F0000000000000000000009 /* build_site.sh */ = {isa = PBXFileReference; lastKnownFileType = text.script.sh; path = build_site.sh; sourceTree = "<group>"; };
		0F000000000000000000000A /* .gitignore */ = {isa = PBXFileReference; lastKnownFileType = text; path = .gitignore; sourceTree = "<group>"; };
		37AA00022FEA000000000009 /* app-icon.png */ = {isa = PBXFileReference; lastKnownFileType = image.png; path = "app-icon.png"; sourceTree = "<group>"; };
		37B4F9C12FA189AB00873894 /* AGENTS.md */ = {isa = PBXFileReference; lastKnownFileType = net.daringfireball.markdown; path = AGENTS.md; sourceTree = "<group>"; };
		37B4F9C22FA18C1E00873894 /* LICENSE */ = {isa = PBXFileReference; lastKnownFileType = text; path = LICENSE; sourceTree = "<group>"; };
		37B4F9CF2FA1B00100873894 /* outershelld */ = {isa = PBXFileReference; explicitFileType = "compiled.mach-o.executable"; includeInIndex = 0; path = outershelld; sourceTree = BUILT_PRODUCTS_DIR; };
		37B4F9D02FA1B00100873894 /* outershelld.c */ = {isa = PBXFileReference; lastKnownFileType = sourcecode.c.c; path = outershelld.c; sourceTree = "<group>"; };
		37B4F9DC2FA1B00100873894 /* OuterShellBuffer.c */ = {isa = PBXFileReference; lastKnownFileType = sourcecode.c.c; path = OuterShellBuffer.c; sourceTree = "<group>"; };
		37B4F9DD2FA1B00100873894 /* OuterShellBuffer.h */ = {isa = PBXFileReference; lastKnownFileType = sourcecode.c.h; path = OuterShellBuffer.h; sourceTree = "<group>"; };
		37B4F9E02FA1B00100873894 /* OuterShellAPI.c */ = {isa = PBXFileReference; lastKnownFileType = sourcecode.c.c; path = OuterShellAPI.c; sourceTree = "<group>"; };
		37B4F9E12FA1B00100873894 /* OuterShellAPI.h */ = {isa = PBXFileReference; lastKnownFileType = sourcecode.c.h; path = OuterShellAPI.h; sourceTree = "<group>"; };
		37B4F9E22FA1B00100873894 /* OuterShellPlatform.c */ = {isa = PBXFileReference; lastKnownFileType = sourcecode.c.c; path = OuterShellPlatform.c; sourceTree = "<group>"; };
		37B4F9E32FA1B00100873894 /* OuterShellPlatform.h */ = {isa = PBXFileReference; lastKnownFileType = sourcecode.c.h; path = OuterShellPlatform.h; sourceTree = "<group>"; };
		37B4F9EC2FA1B00100873894 /* OuterShellBackend.c */ = {isa = PBXFileReference; lastKnownFileType = sourcecode.c.c; path = OuterShellBackend.c; sourceTree = "<group>"; };
		37B4F9F02FA1B00100873894 /* OuterShellDownloader.h */ = {isa = PBXFileReference; lastKnownFileType = sourcecode.c.h; path = OuterShellDownloader.h; sourceTree = "<group>"; };
		37B4F9F12FA1B00100873894 /* OuterShellDownloader.c */ = {isa = PBXFileReference; lastKnownFileType = sourcecode.c.c; path = OuterShellDownloader.c; sourceTree = "<group>"; };
		37B4F9F22FA1B00100873894 /* OuterShellDownloaderApple.m */ = {isa = PBXFileReference; lastKnownFileType = sourcecode.c.objc; path = OuterShellDownloaderApple.m; sourceTree = "<group>"; };
		AG0000000000000000000001 /* Outer Shell.app */ = {isa = PBXFileReference; explicitFileType = wrapper.application; includeInIndex = 0; path = "Outer Shell.app"; sourceTree = BUILT_PRODUCTS_DIR; };
		AG0000000000000000000003 /* OuterShellAgent.swift */ = {isa = PBXFileReference; lastKnownFileType = sourcecode.swift; path = OuterShellAgent.swift; sourceTree = "<group>"; };
/* End PBXFileReference section */

/* Begin PBXFileSystemSynchronizedRootGroup section */
		0F0000000000000000000004 /* Frontend */ = {
			isa = PBXFileSystemSynchronizedRootGroup;
			path = Frontend;
			sourceTree = "<group>";
		};
		0F0000000000000000000005 /* Vendor */ = {
			isa = PBXFileSystemSynchronizedRootGroup;
			path = Vendor;
			sourceTree = "<group>";
		};
		0F0000000000000000000006 /* Scripts */ = {
			isa = PBXFileSystemSynchronizedRootGroup;
			path = Scripts;
			sourceTree = "<group>";
		};
/* End PBXFileSystemSynchronizedRootGroup section */

/* Begin PBXFrameworksBuildPhase section */
		0F0000000000000000000010 /* Frameworks */ = {
			isa = PBXFrameworksBuildPhase;
			buildActionMask = 2147483647;
			files = (
			);
			runOnlyForDeploymentPostprocessing = 0;
		};
		37B4F9D42FA1B00100873894 /* Frameworks */ = {
			isa = PBXFrameworksBuildPhase;
			buildActionMask = 2147483647;
			files = (
			);
			runOnlyForDeploymentPostprocessing = 0;
		};
		AG0000000000000000000006 /* Frameworks */ = {
			isa = PBXFrameworksBuildPhase;
			buildActionMask = 2147483647;
			files = (
			);
			runOnlyForDeploymentPostprocessing = 0;
		};
/* End PBXFrameworksBuildPhase section */

/* Begin PBXGroup section */
		0F0000000000000000000001 = {
			isa = PBXGroup;
			children = (
				AG0000000000000000000002 /* Agent */,
				0F0000000000000000000004 /* Frontend */,
				37B4F9CE2FA1B00100873894 /* Backend */,
				37B4F9EA2FA1B00100873894 /* outershelld */,
				0F0000000000000000000005 /* Vendor */,
				0F0000000000000000000006 /* Scripts */,
				37AA00022FEA000000000009 /* app-icon.png */,
				0F0000000000000000000007 /* Info.plist */,
				0F0000000000000000000008 /* README.md */,
				37B4F9C12FA189AB00873894 /* AGENTS.md */,
				0F0000000000000000000009 /* build_site.sh */,
				0F000000000000000000000A /* .gitignore */,
				37B4F9C22FA18C1E00873894 /* LICENSE */,
				0F0000000000000000000002 /* Products */,
			);
			sourceTree = "<group>";
		};
		0F0000000000000000000002 /* Products */ = {
			isa = PBXGroup;
			children = (
				0F0000000000000000000003 /* Backends.bundle */,
				37B4F9CF2FA1B00100873894 /* outershelld */,
				AG0000000000000000000001 /* Outer Shell.app */,
			);
			name = Products;
			sourceTree = "<group>";
		};
		37B4F9CE2FA1B00100873894 /* Backend */ = {
			isa = PBXGroup;
			children = (
				37B4F9EC2FA1B00100873894 /* OuterShellBackend.c */,
				37B4F9DC2FA1B00100873894 /* OuterShellBuffer.c */,
				37B4F9DD2FA1B00100873894 /* OuterShellBuffer.h */,
				37B4F9E02FA1B00100873894 /* OuterShellAPI.c */,
				37B4F9E12FA1B00100873894 /* OuterShellAPI.h */,
				37B4F9E22FA1B00100873894 /* OuterShellPlatform.c */,
				37B4F9E32FA1B00100873894 /* OuterShellPlatform.h */,
				37B4F9F02FA1B00100873894 /* OuterShellDownloader.h */,
				37B4F9F12FA1B00100873894 /* OuterShellDownloader.c */,
				37B4F9F22FA1B00100873894 /* OuterShellDownloaderApple.m */,
			);
			path = Backend;
			sourceTree = "<group>";
		};
		37B4F9EA2FA1B00100873894 /* outershelld */ = {
			isa = PBXGroup;
			children = (
				37B4F9D02FA1B00100873894 /* outershelld.c */,
			);
			path = outershelld;
			sourceTree = "<group>";
		};
		AG0000000000000000000002 /* Agent */ = {
			isa = PBXGroup;
			children = (
				AG0000000000000000000003 /* OuterShellAgent.swift */,
			);
			path = Agent;
			sourceTree = "<group>";
		};
/* End PBXGroup section */

/* Begin PBXNativeTarget section */
		0F000000000000000000000B /* Backends */ = {
			isa = PBXNativeTarget;
			buildConfigurationList = 0F0000000000000000000016 /* Build configuration list for PBXNativeTarget "Backends" */;
			buildPhases = (
				0F000000000000000000000F /* Sources */,
				0F0000000000000000000010 /* Frameworks */,
				0F0000000000000000000012 /* Resources */,
				0F0000000000000000000011 /* Embed Frameworks */,
			);
			buildRules = (
			);
			dependencies = (
			);
			fileSystemSynchronizedGroups = (
				0F0000000000000000000004 /* Frontend */,
				0F0000000000000000000005 /* Vendor */,
			);
			name = Backends;
			packageProductDependencies = (
			);
			productName = Backends;
			productReference = 0F0000000000000000000003 /* Backends.bundle */;
			productType = "com.apple.product-type.bundle";
		};
		37B4F9D22FA1B00100873894 /* outershelld */ = {
			isa = PBXNativeTarget;
			buildConfigurationList = 37B4F9D52FA1B00100873894 /* Build configuration list for PBXNativeTarget "outershelld" */;
			buildPhases = (
				37B4F9D32FA1B00100873894 /* Sources */,
				37B4F9D42FA1B00100873894 /* Frameworks */,
			);
			buildRules = (
			);
			dependencies = (
			);
			name = outershelld;
			packageProductDependencies = (
			);
			productName = outershelld;
			productReference = 37B4F9CF2FA1B00100873894 /* outershelld */;
			productType = "com.apple.product-type.tool";
		};
		AG0000000000000000000009 /* OuterShellAgent */ = {
			isa = PBXNativeTarget;
			buildConfigurationList = AG000000000000000000000C /* Build configuration list for PBXNativeTarget "OuterShellAgent" */;
			buildPhases = (
				AG0000000000000000000007 /* Sources */,
				AG0000000000000000000006 /* Frameworks */,
				AG0000000000000000000008 /* Resources */,
			);
			buildRules = (
			);
			dependencies = (
			);
			name = OuterShellAgent;
			packageProductDependencies = (
			);
			productName = "Outer Shell";
			productReference = AG0000000000000000000001 /* Outer Shell.app */;
			productType = "com.apple.product-type.application";
		};
/* End PBXNativeTarget section */

/* Begin PBXProject section */
		0F000000000000000000000C /* Project object */ = {
			isa = PBXProject;
			attributes = {
				BuildIndependentTargetsInParallel = 1;
				LastSwiftUpdateCheck = 2620;
				LastUpgradeCheck = 2620;
				TargetAttributes = {
					0F000000000000000000000B = {
						CreatedOnToolsVersion = 26.2;
						LastSwiftMigration = 2620;
					};
					37B4F9D22FA1B00100873894 = {
						CreatedOnToolsVersion = 26.2;
					};
					AG0000000000000000000009 = {
						CreatedOnToolsVersion = 26.2;
					};
				};
			};
			buildConfigurationList = 0F0000000000000000000015 /* Build configuration list for PBXProject "Backends" */;
			developmentRegion = en;
			hasScannedForEncodings = 0;
			knownRegions = (
				en,
				Base,
			);
			mainGroup = 0F0000000000000000000001;
			minimizedProjectReferenceProxies = 1;
			packageReferences = (
			);
			preferredProjectObjectVersion = 77;
			productRefGroup = 0F0000000000000000000002 /* Products */;
			projectDirPath = "";
			projectRoot = "";
			targets = (
				0F000000000000000000000B /* Backends */,
				37B4F9D22FA1B00100873894 /* outershelld */,
				AG0000000000000000000009 /* OuterShellAgent */,
			);
		};
/* End PBXProject section */

/* Begin PBXResourcesBuildPhase section */
		0F0000000000000000000012 /* Resources */ = {
			isa = PBXResourcesBuildPhase;
			buildActionMask = 2147483647;
			files = (
				37AA00012FEA000000000009 /* app-icon.png in Resources */,
			);
			runOnlyForDeploymentPostprocessing = 0;
		};
		AG0000000000000000000008 /* Resources */ = {
			isa = PBXResourcesBuildPhase;
			buildActionMask = 2147483647;
			files = (
			);
			runOnlyForDeploymentPostprocessing = 0;
		};
/* End PBXResourcesBuildPhase section */

/* Begin PBXSourcesBuildPhase section */
		0F000000000000000000000F /* Sources */ = {
			isa = PBXSourcesBuildPhase;
			buildActionMask = 2147483647;
			files = (
			);
			runOnlyForDeploymentPostprocessing = 0;
		};
		37B4F9D32FA1B00100873894 /* Sources */ = {
			isa = PBXSourcesBuildPhase;
			buildActionMask = 2147483647;
			files = (
				37B4F9DE2FA1B00100873894 /* OuterShellBuffer.c in Sources */,
				37B4F9DF2FA1B00100873894 /* OuterShellAPI.c in Sources */,
				37B4F9E42FA1B00100873894 /* OuterShellPlatform.c in Sources */,
				37B4F9D12FA1B00100873894 /* outershelld.c in Sources */,
			);
			runOnlyForDeploymentPostprocessing = 0;
		};
		AG0000000000000000000007 /* Sources */ = {
			isa = PBXSourcesBuildPhase;
			buildActionMask = 2147483647;
			files = (
				AG0000000000000000000004 /* OuterShellAgent.swift in Sources */,
				AG0000000000000000000018 /* OuterShellBuffer.c in Sources */,
				AG0000000000000000000019 /* OuterShellAPI.c in Sources */,
				AG0000000000000000000020 /* OuterShellPlatform.c in Sources */,
				AG0000000000000000000021 /* OuterShellDownloader.c in Sources */,
				AG0000000000000000000022 /* OuterShellDownloaderApple.m in Sources */,
				AG0000000000000000000005 /* outershelld.c in Sources */,
				37B4F9EE2FA1B00100873894 /* OuterShellBackend.c in Sources */,
			);
			runOnlyForDeploymentPostprocessing = 0;
		};
/* End PBXSourcesBuildPhase section */

/* Begin XCBuildConfiguration section */
		0F0000000000000000000013 /* Debug */ = {
			isa = XCBuildConfiguration;
			buildSettings = {
				ALWAYS_SEARCH_USER_PATHS = NO;
				ASSETCATALOG_COMPILER_GENERATE_SWIFT_ASSET_SYMBOL_EXTENSIONS = YES;
				CLANG_ANALYZER_NONNULL = YES;
				CLANG_ANALYZER_NUMBER_OBJECT_CONVERSION = YES_AGGRESSIVE;
				CLANG_CXX_LANGUAGE_STANDARD = "gnu++20";
				CLANG_ENABLE_MODULES = YES;
				CLANG_ENABLE_OBJC_ARC = YES;
				CLANG_ENABLE_OBJC_WEAK = YES;
				CLANG_WARN_BLOCK_CAPTURE_AUTORELEASING = YES;
				CLANG_WARN_BOOL_CONVERSION = YES;
				CLANG_WARN_COMMA = YES;
				CLANG_WARN_CONSTANT_CONVERSION = YES;
				CLANG_WARN_DEPRECATED_OBJC_IMPLEMENTATIONS = YES;
				CLANG_WARN_DIRECT_OBJC_ISA_USAGE = YES_ERROR;
				CLANG_WARN_DOCUMENTATION_COMMENTS = YES;
				CLANG_WARN_EMPTY_BODY = YES;
				CLANG_WARN_ENUM_CONVERSION = YES;
				CLANG_WARN_INFINITE_RECURSION = YES;
				CLANG_WARN_INT_CONVERSION = YES;
				CLANG_WARN_NON_LITERAL_NULL_CONVERSION = YES;
				CLANG_WARN_OBJC_IMPLICIT_RETAIN_SELF = YES;
				CLANG_WARN_OBJC_LITERAL_CONVERSION = YES;
				CLANG_WARN_OBJC_ROOT_CLASS = YES_ERROR;
				CLANG_WARN_QUOTED_INCLUDE_IN_FRAMEWORK_HEADER = YES;
				CLANG_WARN_RANGE_LOOP_ANALYSIS = YES;
				CLANG_WARN_STRICT_PROTOTYPES = YES;
				CLANG_WARN_SUSPICIOUS_MOVE = YES;
				CLANG_WARN_UNGUARDED_AVAILABILITY = YES_AGGRESSIVE;
				CLANG_WARN_UNREACHABLE_CODE = YES;
				CLANG_WARN__DUPLICATE_METHOD_MATCH = YES;
				COPY_PHASE_STRIP = NO;
				DEAD_CODE_STRIPPING = YES;
				DEBUG_INFORMATION_FORMAT = dwarf;
				ENABLE_STRICT_OBJC_MSGSEND = YES;
				ENABLE_TESTABILITY = YES;
				ENABLE_USER_SCRIPT_SANDBOXING = YES;
				GCC_C_LANGUAGE_STANDARD = gnu17;
				GCC_DYNAMIC_NO_PIC = NO;
				GCC_NO_COMMON_BLOCKS = YES;
				GCC_OPTIMIZATION_LEVEL = 0;
				GCC_PREPROCESSOR_DEFINITIONS = (
					"DEBUG=1",
					"$(inherited)",
				);
				GCC_WARN_64_TO_32_BIT_CONVERSION = YES;
				GCC_WARN_ABOUT_RETURN_TYPE = YES_ERROR;
				GCC_WARN_UNDECLARED_SELECTOR = YES;
				GCC_WARN_UNINITIALIZED_AUTOS = YES_AGGRESSIVE;
				GCC_WARN_UNUSED_FUNCTION = YES;
				GCC_WARN_UNUSED_VARIABLE = YES;
				LOCALIZATION_PREFERS_STRING_CATALOGS = YES;
				MACOSX_DEPLOYMENT_TARGET = 14.6;
				MTL_ENABLE_DEBUG_INFO = INCLUDE_SOURCE;
				MTL_FAST_MATH = YES;
				ONLY_ACTIVE_ARCH = YES;
				SDKROOT = macosx;
				STRING_CATALOG_GENERATE_SYMBOLS = YES;
			};
			name = Debug;
		};
		0F0000000000000000000014 /* Release */ = {
			isa = XCBuildConfiguration;
			buildSettings = {
				ALWAYS_SEARCH_USER_PATHS = NO;
				ASSETCATALOG_COMPILER_GENERATE_SWIFT_ASSET_SYMBOL_EXTENSIONS = YES;
				CLANG_ANALYZER_NONNULL = YES;
				CLANG_ANALYZER_NUMBER_OBJECT_CONVERSION = YES_AGGRESSIVE;
				CLANG_CXX_LANGUAGE_STANDARD = "gnu++20";
				CLANG_ENABLE_MODULES = YES;
				CLANG_ENABLE_OBJC_ARC = YES;
				CLANG_ENABLE_OBJC_WEAK = YES;
				CLANG_WARN_BLOCK_CAPTURE_AUTORELEASING = YES;
				CLANG_WARN_BOOL_CONVERSION = YES;
				CLANG_WARN_COMMA = YES;
				CLANG_WARN_CONSTANT_CONVERSION = YES;
				CLANG_WARN_DEPRECATED_OBJC_IMPLEMENTATIONS = YES;
				CLANG_WARN_DIRECT_OBJC_ISA_USAGE = YES_ERROR;
				CLANG_WARN_DOCUMENTATION_COMMENTS = YES;
				CLANG_WARN_EMPTY_BODY = YES;
				CLANG_WARN_ENUM_CONVERSION = YES;
				CLANG_WARN_INFINITE_RECURSION = YES;
				CLANG_WARN_INT_CONVERSION = YES;
				CLANG_WARN_NON_LITERAL_NULL_CONVERSION = YES;
				CLANG_WARN_OBJC_IMPLICIT_RETAIN_SELF = YES;
				CLANG_WARN_OBJC_LITERAL_CONVERSION = YES;
				CLANG_WARN_OBJC_ROOT_CLASS = YES_ERROR;
				CLANG_WARN_QUOTED_INCLUDE_IN_FRAMEWORK_HEADER = YES;
				CLANG_WARN_RANGE_LOOP_ANALYSIS = YES;
				CLANG_WARN_STRICT_PROTOTYPES = YES;
				CLANG_WARN_SUSPICIOUS_MOVE = YES;
				CLANG_WARN_UNGUARDED_AVAILABILITY = YES_AGGRESSIVE;
				CLANG_WARN_UNREACHABLE_CODE = YES;
				CLANG_WARN__DUPLICATE_METHOD_MATCH = YES;
				COPY_PHASE_STRIP = YES;
				DEAD_CODE_STRIPPING = YES;
				DEBUG_INFORMATION_FORMAT = "dwarf-with-dsym";
				DEPLOYMENT_POSTPROCESSING = YES;
				ENABLE_NS_ASSERTIONS = NO;
				ENABLE_STRICT_OBJC_MSGSEND = YES;
				ENABLE_USER_SCRIPT_SANDBOXING = YES;
				GCC_C_LANGUAGE_STANDARD = gnu17;
				GCC_NO_COMMON_BLOCKS = YES;
				GCC_OPTIMIZATION_LEVEL = s;
				GCC_WARN_64_TO_32_BIT_CONVERSION = YES;
				GCC_WARN_ABOUT_RETURN_TYPE = YES_ERROR;
				GCC_WARN_UNDECLARED_SELECTOR = YES;
				GCC_WARN_UNINITIALIZED_AUTOS = YES_AGGRESSIVE;
				GCC_WARN_UNUSED_FUNCTION = YES;
				GCC_WARN_UNUSED_VARIABLE = YES;
				LOCALIZATION_PREFERS_STRING_CATALOGS = YES;
				MACOSX_DEPLOYMENT_TARGET = 14.6;
				MTL_ENABLE_DEBUG_INFO = NO;
				MTL_FAST_MATH = YES;
				SDKROOT = macosx;
				STRING_CATALOG_GENERATE_SYMBOLS = YES;
				SWIFT_COMPILATION_MODE = wholemodule;
				SWIFT_OPTIMIZATION_LEVEL = "-Osize";
				SWIFT_REFLECTION_METADATA_LEVEL = none;
			};
			name = Release;
		};
		0F0000000000000000000017 /* Debug */ = {
			isa = XCBuildConfiguration;
			buildSettings = {
				CLANG_ENABLE_MODULES = YES;
				CODE_SIGNING_ALLOWED = NO;
				CODE_SIGNING_REQUIRED = NO;
				CODE_SIGN_STYLE = Manual;
				COMBINE_HIDPI_IMAGES = YES;
				COPY_PHASE_STRIP = NO;
				CURRENT_PROJECT_VERSION = 1;
				DEAD_CODE_STRIPPING = YES;
				DEPLOYMENT_POSTPROCESSING = NO;
				FRAMEWORK_SEARCH_PATHS = (
					"$(inherited)",
					"$(PROJECT_DIR)",
				);
				GENERATE_INFOPLIST_FILE = YES;
				HEADER_SEARCH_PATHS = "$(SRCROOT)";
				INFOPLIST_FILE = Info.plist;
				INFOPLIST_KEY_NSHumanReadableCopyright = "";
				INFOPLIST_KEY_NSPrincipalClass = Backends.BackendsContent;
				INSTALL_PATH = "$(LOCAL_LIBRARY_DIR)/Bundles";
				MACOSX_DEPLOYMENT_TARGET = 14.6;
				MARKETING_VERSION = 1.0;
				PRODUCT_BUNDLE_IDENTIFIER = org.outershell.OuterShell;
				PRODUCT_NAME = "$(TARGET_NAME)";
				RUNTIME_EXCEPTION_DISABLE_LIBRARY_VALIDATION = YES;
				SKIP_INSTALL = YES;
				STRING_CATALOG_GENERATE_SYMBOLS = YES;
				SWIFT_EMIT_LOC_STRINGS = YES;
				SWIFT_OPTIMIZATION_LEVEL = "-Onone";
				SWIFT_VERSION = 6.0;
				USER_HEADER_SEARCH_PATHS = "$(SRCROOT)";
				WRAPPER_EXTENSION = bundle;
			};
			name = Debug;
		};
		0F0000000000000000000018 /* Release */ = {
			isa = XCBuildConfiguration;
			buildSettings = {
				CLANG_ENABLE_MODULES = YES;
				CODE_SIGNING_ALLOWED = NO;
				CODE_SIGNING_REQUIRED = NO;
				CODE_SIGN_STYLE = Manual;
				COMBINE_HIDPI_IMAGES = YES;
				COPY_PHASE_STRIP = NO;
				CURRENT_PROJECT_VERSION = 1;
				DEAD_CODE_STRIPPING = YES;
				DEPLOYMENT_POSTPROCESSING = NO;
				FRAMEWORK_SEARCH_PATHS = (
					"$(inherited)",
					"$(PROJECT_DIR)",
				);
				GENERATE_INFOPLIST_FILE = YES;
				HEADER_SEARCH_PATHS = "$(SRCROOT)";
				INFOPLIST_FILE = Info.plist;
				INFOPLIST_KEY_NSHumanReadableCopyright = "";
				INFOPLIST_KEY_NSPrincipalClass = Backends.BackendsContent;
				INSTALL_PATH = "$(LOCAL_LIBRARY_DIR)/Bundles";
				MACOSX_DEPLOYMENT_TARGET = 14.6;
				MARKETING_VERSION = 1.0;
				PRODUCT_BUNDLE_IDENTIFIER = org.outershell.OuterShell;
				PRODUCT_NAME = "$(TARGET_NAME)";
				RUNTIME_EXCEPTION_DISABLE_LIBRARY_VALIDATION = YES;
				SKIP_INSTALL = YES;
				STRING_CATALOG_GENERATE_SYMBOLS = YES;
				SWIFT_EMIT_LOC_STRINGS = YES;
				SWIFT_OPTIMIZATION_LEVEL = "-Onone";
				SWIFT_VERSION = 6.0;
				USER_HEADER_SEARCH_PATHS = "$(SRCROOT)";
				WRAPPER_EXTENSION = bundle;
			};
			name = Release;
		};
		37B4F9D62FA1B00100873894 /* Debug */ = {
			isa = XCBuildConfiguration;
			buildSettings = {
				CODE_SIGNING_ALLOWED = YES;
				CODE_SIGN_IDENTITY = "-";
				CODE_SIGN_STYLE = Manual;
				CURRENT_PROJECT_VERSION = 1;
				DEAD_CODE_STRIPPING = YES;
				GENERATE_INFOPLIST_FILE = YES;
				MACOSX_DEPLOYMENT_TARGET = 14.6;
				MARKETING_VERSION = 1.0;
				OTHER_LDFLAGS = (
					"$(inherited)",
					"-lsqlite3",
				);
				PRODUCT_BUNDLE_IDENTIFIER = org.outershell.outershelld;
				PRODUCT_NAME = outershelld;
				SKIP_INSTALL = YES;
			};
			name = Debug;
		};
		37B4F9D72FA1B00100873894 /* Release */ = {
			isa = XCBuildConfiguration;
			buildSettings = {
				CODE_SIGNING_ALLOWED = YES;
				CODE_SIGN_IDENTITY = "-";
				CODE_SIGN_STYLE = Manual;
				COPY_PHASE_STRIP = YES;
				CURRENT_PROJECT_VERSION = 1;
				DEAD_CODE_STRIPPING = YES;
				GENERATE_INFOPLIST_FILE = YES;
				MACOSX_DEPLOYMENT_TARGET = 14.6;
				MARKETING_VERSION = 1.0;
				OTHER_LDFLAGS = (
					"$(inherited)",
					"-lsqlite3",
				);
				PRODUCT_BUNDLE_IDENTIFIER = org.outershell.outershelld;
				PRODUCT_NAME = outershelld;
				SKIP_INSTALL = YES;
			};
			name = Release;
		};
		AG000000000000000000000A /* Debug */ = {
			isa = XCBuildConfiguration;
			buildSettings = {
				CLANG_ENABLE_MODULES = YES;
				CODE_SIGNING_ALLOWED = YES;
				CODE_SIGN_IDENTITY = "-";
				CODE_SIGN_STYLE = Manual;
				CURRENT_PROJECT_VERSION = 1;
				DEAD_CODE_STRIPPING = YES;
				GCC_PREPROCESSOR_DEFINITIONS = (
					"OUTER_SHELL_BACKEND_LIBRARY=1",
					"$(inherited)",
				);
				GENERATE_INFOPLIST_FILE = YES;
				INFOPLIST_KEY_CFBundleDisplayName = "Outer Shell";
				INFOPLIST_KEY_LSUIElement = YES;
				INFOPLIST_KEY_NSHumanReadableCopyright = "";
				LD_RUNPATH_SEARCH_PATHS = (
					"$(inherited)",
					"@executable_path/../Frameworks",
				);
				MACOSX_DEPLOYMENT_TARGET = 14.6;
				MARKETING_VERSION = 1.0;
				OTHER_LDFLAGS = (
					"$(inherited)",
					"-framework",
					Foundation,
				);
				PRODUCT_BUNDLE_IDENTIFIER = org.outershell.OuterShell.Agent;
				PRODUCT_NAME = "Outer Shell";
				SKIP_INSTALL = YES;
				SWIFT_OPTIMIZATION_LEVEL = "-Onone";
				SWIFT_VERSION = 6.0;
			};
			name = Debug;
		};
		AG000000000000000000000B /* Release */ = {
			isa = XCBuildConfiguration;
			buildSettings = {
				CLANG_ENABLE_MODULES = YES;
				CODE_SIGNING_ALLOWED = YES;
				CODE_SIGN_IDENTITY = "-";
				CODE_SIGN_STYLE = Manual;
				COPY_PHASE_STRIP = YES;
				CURRENT_PROJECT_VERSION = 1;
				DEAD_CODE_STRIPPING = YES;
				GCC_PREPROCESSOR_DEFINITIONS = (
					"OUTER_SHELL_BACKEND_LIBRARY=1",
					"$(inherited)",
				);
				GENERATE_INFOPLIST_FILE = YES;
				INFOPLIST_KEY_CFBundleDisplayName = "Outer Shell";
				INFOPLIST_KEY_LSUIElement = YES;
				INFOPLIST_KEY_NSHumanReadableCopyright = "";
				LD_RUNPATH_SEARCH_PATHS = (
					"$(inherited)",
					"@executable_path/../Frameworks",
				);
				MACOSX_DEPLOYMENT_TARGET = 14.6;
				MARKETING_VERSION = 1.0;
				OTHER_LDFLAGS = (
					"$(inherited)",
					"-framework",
					Foundation,
				);
				PRODUCT_BUNDLE_IDENTIFIER = org.outershell.OuterShell.Agent;
				PRODUCT_NAME = "Outer Shell";
				SKIP_INSTALL = YES;
				SWIFT_VERSION = 6.0;
			};
			name = Release;
		};
/* End XCBuildConfiguration section */

/* Begin XCConfigurationList section */
		0F0000000000000000000015 /* Build configuration list for PBXProject "Backends" */ = {
			isa = XCConfigurationList;
			buildConfigurations = (
				0F0000000000000000000013 /* Debug */,
				0F0000000000000000000014 /* Release */,
			);
			defaultConfigurationIsVisible = 0;
			defaultConfigurationName = Release;
		};
		0F0000000000000000000016 /* Build configuration list for PBXNativeTarget "Backends" */ = {
			isa = XCConfigurationList;
			buildConfigurations = (
				0F0000000000000000000017 /* Debug */,
				0F0000000000000000000018 /* Release */,
			);
			defaultConfigurationIsVisible = 0;
			defaultConfigurationName = Release;
		};
		37B4F9D52FA1B00100873894 /* Build configuration list for PBXNativeTarget "outershelld" */ = {
			isa = XCConfigurationList;
			buildConfigurations = (
				37B4F9D62FA1B00100873894 /* Debug */,
				37B4F9D72FA1B00100873894 /* Release */,
			);
			defaultConfigurationIsVisible = 0;
			defaultConfigurationName = Release;
		};
		AG000000000000000000000C /* Build configuration list for PBXNativeTarget "OuterShellAgent" */ = {
			isa = XCConfigurationList;
			buildConfigurations = (
				AG000000000000000000000A /* Debug */,
				AG000000000000000000000B /* Release */,
			);
			defaultConfigurationIsVisible = 0;
			defaultConfigurationName = Release;
		};
/* End XCConfigurationList section */
	};
	rootObject = 0F000000000000000000000C /* Project object */;
}
